{
  "requires": true,
  "lockfileVersion": 1,
  "dependencies": {
    "ag-grid-community": {
      "version": "24.1.0",
      "resolved": "https://registry.npmjs.org/ag-grid-community/-/ag-grid-community-24.1.0.tgz",
      "integrity": "sha512-pWnWphuDcejZ8ahf6C734EpCx3XQ6dHEZWMWTlCdHNT0mZBLJ4YKCGACX+ttAEtSX2MGM3G13JncvuratUlYag=="
    }
  }
}
